
Microsoft Visual Studio Solution File, Format Version 12.00
# Visual Studio Version 17
VisualStudioVersion = 17.7.34024.191
MinimumVisualStudioVersion = 10.0.40219.1
Project("{FAE04EC0-301F-11D3-BF4B-00C04F79EFBC}") = "Media Bazaar - Desktop App", "Media Bazaar\Media Bazaar - Desktop App.csproj", "{533EA8CF-3CBB-48FF-9BE5-F8C5C241A4F0}"
	ProjectSection(ProjectDependencies) = postProject
		{3335B3AA-A0E7-4A47-9B5A-CC345B9CFB31} = {3335B3AA-A0E7-4A47-9B5A-CC345B9CFB31}
	EndProjectSection
EndProject
Project("{9A19103F-16F7-4668-BE54-9A1E7A4F7556}") = "Media Bazaar Website", "Media Bazaar Website\Media Bazaar Website.csproj", "{5EBC470D-0C04-4DF5-8BDE-A9F1D4EA970B}"
	ProjectSection(ProjectDependencies) = postProject
		{3335B3AA-A0E7-4A47-9B5A-CC345B9CFB31} = {3335B3AA-A0E7-4A47-9B5A-CC345B9CFB31}
	EndProjectSection
EndProject
Project("{9A19103F-16F7-4668-BE54-9A1E7A4F7556}") = "ClassLibrary", "Logic\ClassLibrary.csproj", "{3335B3AA-A0E7-4A47-9B5A-CC345B9CFB31}"
EndProject
Project("{9A19103F-16F7-4668-BE54-9A1E7A4F7556}") = "DAL Library", "DAL Library\DAL Library.csproj", "{274EB6ED-A466-49F6-94ED-F7430636ADDD}"
EndProject
Project("{FAE04EC0-301F-11D3-BF4B-00C04F79EFBC}") = "Desktop App", "Desktop App\Desktop App.csproj", "{0E073C25-5D4D-410B-9BAE-6E9D2CF6CAF7}"
EndProject
Global
	GlobalSection(SolutionConfigurationPlatforms) = preSolution
		Debug|Any CPU = Debug|Any CPU
		Release|Any CPU = Release|Any CPU
	EndGlobalSection
	GlobalSection(ProjectConfigurationPlatforms) = postSolution
		{533EA8CF-3CBB-48FF-9BE5-F8C5C241A4F0}.Debug|Any CPU.ActiveCfg = Debug|Any CPU
		{533EA8CF-3CBB-48FF-9BE5-F8C5C241A4F0}.Debug|Any CPU.Build.0 = Debug|Any CPU
		{533EA8CF-3CBB-48FF-9BE5-F8C5C241A4F0}.Release|Any CPU.ActiveCfg = Release|Any CPU
		{533EA8CF-3CBB-48FF-9BE5-F8C5C241A4F0}.Release|Any CPU.Build.0 = Release|Any CPU
		{5EBC470D-0C04-4DF5-8BDE-A9F1D4EA970B}.Debug|Any CPU.ActiveCfg = Debug|Any CPU
		{5EBC470D-0C04-4DF5-8BDE-A9F1D4EA970B}.Debug|Any CPU.Build.0 = Debug|Any CPU
		{5EBC470D-0C04-4DF5-8BDE-A9F1D4EA970B}.Release|Any CPU.ActiveCfg = Release|Any CPU
		{5EBC470D-0C04-4DF5-8BDE-A9F1D4EA970B}.Release|Any CPU.Build.0 = Release|Any CPU
		{3335B3AA-A0E7-4A47-9B5A-CC345B9CFB31}.Debug|Any CPU.ActiveCfg = Debug|Any CPU
		{3335B3AA-A0E7-4A47-9B5A-CC345B9CFB31}.Debug|Any CPU.Build.0 = Debug|Any CPU
		{3335B3AA-A0E7-4A47-9B5A-CC345B9CFB31}.Release|Any CPU.ActiveCfg = Release|Any CPU
		{3335B3AA-A0E7-4A47-9B5A-CC345B9CFB31}.Release|Any CPU.Build.0 = Release|Any CPU
		{274EB6ED-A466-49F6-94ED-F7430636ADDD}.Debug|Any CPU.ActiveCfg = Debug|Any CPU
		{274EB6ED-A466-49F6-94ED-F7430636ADDD}.Debug|Any CPU.Build.0 = Debug|Any CPU
		{274EB6ED-A466-49F6-94ED-F7430636ADDD}.Release|Any CPU.ActiveCfg = Release|Any CPU
		{274EB6ED-A466-49F6-94ED-F7430636ADDD}.Release|Any CPU.Build.0 = Release|Any CPU
		{0E073C25-5D4D-410B-9BAE-6E9D2CF6CAF7}.Debug|Any CPU.ActiveCfg = Debug|Any CPU
		{0E073C25-5D4D-410B-9BAE-6E9D2CF6CAF7}.Debug|Any CPU.Build.0 = Debug|Any CPU
		{0E073C25-5D4D-410B-9BAE-6E9D2CF6CAF7}.Release|Any CPU.ActiveCfg = Release|Any CPU
		{0E073C25-5D4D-410B-9BAE-6E9D2CF6CAF7}.Release|Any CPU.Build.0 = Release|Any CPU
	EndGlobalSection
	GlobalSection(SolutionProperties) = preSolution
		HideSolutionNode = FALSE
	EndGlobalSection
	GlobalSection(ExtensibilityGlobals) = postSolution
		SolutionGuid = {500DB2D0-EE21-484F-9649-70AE09C3844C}
	EndGlobalSection
EndGlobal
